
Microsoft Visual Studio Solution File, Format Version 12.00
# Visual Studio 15
VisualStudioVersion = 15.0.26403.0
MinimumVisualStudioVersion = 10.0.40219.1
Project("{FAE04EC0-301F-11D3-BF4B-00C04F79EFBC}") = "DXApplication6", "DXApplication6\DXApplication6.csproj", "{D3D927FB-9C39-4771-B48C-B04B7BF63510}"
EndProject
Project("{FAE04EC0-301F-11D3-BF4B-00C04F79EFBC}") = "DXWebApplication1", "DXWebApplication1\DXWebApplication1.csproj", "{968539A0-8165-4790-BB4E-147482ABCE34}"
EndProject
Project("{FAE04EC0-301F-11D3-BF4B-00C04F79EFBC}") = "DXWebApplication2", "DXWebApplication2\DXWebApplication2.csproj", "{58E51A1F-B8D1-439C-9DB4-075A86FC61ED}"
EndProject
Project("{FAE04EC0-301F-11D3-BF4B-00C04F79EFBC}") = "DXWebApplication3", "DXWebApplication3\DXWebApplication3.csproj", "{82889FB5-AFFF-4207-A7D5-9F611C6B9F20}"
EndProject
Global
	GlobalSection(SolutionConfigurationPlatforms) = preSolution
		Debug|Any CPU = Debug|Any CPU
		Release|Any CPU = Release|Any CPU
	EndGlobalSection
	GlobalSection(ProjectConfigurationPlatforms) = postSolution
		{D3D927FB-9C39-4771-B48C-B04B7BF63510}.Debug|Any CPU.ActiveCfg = Debug|Any CPU
		{D3D927FB-9C39-4771-B48C-B04B7BF63510}.Debug|Any CPU.Build.0 = Debug|Any CPU
		{D3D927FB-9C39-4771-B48C-B04B7BF63510}.Release|Any CPU.ActiveCfg = Release|Any CPU
		{D3D927FB-9C39-4771-B48C-B04B7BF63510}.Release|Any CPU.Build.0 = Release|Any CPU
		{968539A0-8165-4790-BB4E-147482ABCE34}.Debug|Any CPU.ActiveCfg = Debug|Any CPU
		{968539A0-8165-4790-BB4E-147482ABCE34}.Debug|Any CPU.Build.0 = Debug|Any CPU
		{968539A0-8165-4790-BB4E-147482ABCE34}.Release|Any CPU.ActiveCfg = Release|Any CPU
		{968539A0-8165-4790-BB4E-147482ABCE34}.Release|Any CPU.Build.0 = Release|Any CPU
		{58E51A1F-B8D1-439C-9DB4-075A86FC61ED}.Debug|Any CPU.ActiveCfg = Debug|Any CPU
		{58E51A1F-B8D1-439C-9DB4-075A86FC61ED}.Debug|Any CPU.Build.0 = Debug|Any CPU
		{58E51A1F-B8D1-439C-9DB4-075A86FC61ED}.Release|Any CPU.ActiveCfg = Release|Any CPU
		{58E51A1F-B8D1-439C-9DB4-075A86FC61ED}.Release|Any CPU.Build.0 = Release|Any CPU
		{82889FB5-AFFF-4207-A7D5-9F611C6B9F20}.Debug|Any CPU.ActiveCfg = Debug|Any CPU
		{82889FB5-AFFF-4207-A7D5-9F611C6B9F20}.Debug|Any CPU.Build.0 = Debug|Any CPU
		{82889FB5-AFFF-4207-A7D5-9F611C6B9F20}.Release|Any CPU.ActiveCfg = Release|Any CPU
		{82889FB5-AFFF-4207-A7D5-9F611C6B9F20}.Release|Any CPU.Build.0 = Release|Any CPU
	EndGlobalSection
	GlobalSection(SolutionProperties) = preSolution
		HideSolutionNode = FALSE
	EndGlobalSection
EndGlobal
