
Microsoft Visual Studio Solution File, Format Version 12.00
# Visual Studio 15
VisualStudioVersion = 15.0.26403.0
MinimumVisualStudioVersion = 10.0.40219.1
Project("{FAE04EC0-301F-11D3-BF4B-00C04F79EFBC}") = "Test01", "Test01\Test01.csproj", "{CC6F66D3-A21E-4580-864D-C37F8FB00572}"
EndProject
Project("{FAE04EC0-301F-11D3-BF4B-00C04F79EFBC}") = "App1", "App1\App1.csproj", "{EBA0E56E-DF26-47FE-BDBB-7529E58F8437}"
EndProject
Global
	GlobalSection(SolutionConfigurationPlatforms) = preSolution
		Debug|Any CPU = Debug|Any CPU
		Debug|ARM = Debug|ARM
		Debug|x64 = Debug|x64
		Debug|x86 = Debug|x86
		Release|Any CPU = Release|Any CPU
		Release|ARM = Release|ARM
		Release|x64 = Release|x64
		Release|x86 = Release|x86
	EndGlobalSection
	GlobalSection(ProjectConfigurationPlatforms) = postSolution
		{CC6F66D3-A21E-4580-864D-C37F8FB00572}.Debug|Any CPU.ActiveCfg = Debug|Any CPU
		{CC6F66D3-A21E-4580-864D-C37F8FB00572}.Debug|Any CPU.Build.0 = Debug|Any CPU
		{CC6F66D3-A21E-4580-864D-C37F8FB00572}.Debug|ARM.ActiveCfg = Debug|Any CPU
		{CC6F66D3-A21E-4580-864D-C37F8FB00572}.Debug|ARM.Build.0 = Debug|Any CPU
		{CC6F66D3-A21E-4580-864D-C37F8FB00572}.Debug|x64.ActiveCfg = Debug|Any CPU
		{CC6F66D3-A21E-4580-864D-C37F8FB00572}.Debug|x64.Build.0 = Debug|Any CPU
		{CC6F66D3-A21E-4580-864D-C37F8FB00572}.Debug|x86.ActiveCfg = Debug|Any CPU
		{CC6F66D3-A21E-4580-864D-C37F8FB00572}.Debug|x86.Build.0 = Debug|Any CPU
		{CC6F66D3-A21E-4580-864D-C37F8FB00572}.Release|Any CPU.ActiveCfg = Release|Any CPU
		{CC6F66D3-A21E-4580-864D-C37F8FB00572}.Release|Any CPU.Build.0 = Release|Any CPU
		{CC6F66D3-A21E-4580-864D-C37F8FB00572}.Release|ARM.ActiveCfg = Release|Any CPU
		{CC6F66D3-A21E-4580-864D-C37F8FB00572}.Release|ARM.Build.0 = Release|Any CPU
		{CC6F66D3-A21E-4580-864D-C37F8FB00572}.Release|x64.ActiveCfg = Release|Any CPU
		{CC6F66D3-A21E-4580-864D-C37F8FB00572}.Release|x64.Build.0 = Release|Any CPU
		{CC6F66D3-A21E-4580-864D-C37F8FB00572}.Release|x86.ActiveCfg = Release|Any CPU
		{CC6F66D3-A21E-4580-864D-C37F8FB00572}.Release|x86.Build.0 = Release|Any CPU
		{EBA0E56E-DF26-47FE-BDBB-7529E58F8437}.Debug|Any CPU.ActiveCfg = Debug|x86
		{EBA0E56E-DF26-47FE-BDBB-7529E58F8437}.Debug|ARM.ActiveCfg = Debug|ARM
		{EBA0E56E-DF26-47FE-BDBB-7529E58F8437}.Debug|ARM.Build.0 = Debug|ARM
		{EBA0E56E-DF26-47FE-BDBB-7529E58F8437}.Debug|ARM.Deploy.0 = Debug|ARM
		{EBA0E56E-DF26-47FE-BDBB-7529E58F8437}.Debug|x64.ActiveCfg = Debug|x64
		{EBA0E56E-DF26-47FE-BDBB-7529E58F8437}.Debug|x64.Build.0 = Debug|x64
		{EBA0E56E-DF26-47FE-BDBB-7529E58F8437}.Debug|x64.Deploy.0 = Debug|x64
		{EBA0E56E-DF26-47FE-BDBB-7529E58F8437}.Debug|x86.ActiveCfg = Debug|x86
		{EBA0E56E-DF26-47FE-BDBB-7529E58F8437}.Debug|x86.Build.0 = Debug|x86
		{EBA0E56E-DF26-47FE-BDBB-7529E58F8437}.Debug|x86.Deploy.0 = Debug|x86
		{EBA0E56E-DF26-47FE-BDBB-7529E58F8437}.Release|Any CPU.ActiveCfg = Release|x86
		{EBA0E56E-DF26-47FE-BDBB-7529E58F8437}.Release|ARM.ActiveCfg = Release|ARM
		{EBA0E56E-DF26-47FE-BDBB-7529E58F8437}.Release|ARM.Build.0 = Release|ARM
		{EBA0E56E-DF26-47FE-BDBB-7529E58F8437}.Release|ARM.Deploy.0 = Release|ARM
		{EBA0E56E-DF26-47FE-BDBB-7529E58F8437}.Release|x64.ActiveCfg = Release|x64
		{EBA0E56E-DF26-47FE-BDBB-7529E58F8437}.Release|x64.Build.0 = Release|x64
		{EBA0E56E-DF26-47FE-BDBB-7529E58F8437}.Release|x64.Deploy.0 = Release|x64
		{EBA0E56E-DF26-47FE-BDBB-7529E58F8437}.Release|x86.ActiveCfg = Release|x86
		{EBA0E56E-DF26-47FE-BDBB-7529E58F8437}.Release|x86.Build.0 = Release|x86
		{EBA0E56E-DF26-47FE-BDBB-7529E58F8437}.Release|x86.Deploy.0 = Release|x86
	EndGlobalSection
	GlobalSection(SolutionProperties) = preSolution
		HideSolutionNode = FALSE
	EndGlobalSection
EndGlobal
